
Microsoft Visual Studio Solution File, Format Version 12.00
# Visual Studio 2013
VisualStudioVersion = 12.0.31101.0
MinimumVisualStudioVersion = 10.0.40219.1
Project("{FAE04EC0-301F-11D3-BF4B-00C04F79EFBC}") = "ConfigurationAgent", "ConfigurationAgent\ConfigurationAgent.csproj", "{3ACBA8E6-4BE4-4858-A618-6F155151757F}"
EndProject
Project("{FAE04EC0-301F-11D3-BF4B-00C04F79EFBC}") = "Microsoft.Azure.Toolkit.Replication", "library\Microsoft.Azure.Toolkit.Replication.csproj", "{0F6D71F2-1322-4B32-BB08-A6A99EB812D4}"
EndProject
Project("{FAE04EC0-301F-11D3-BF4B-00C04F79EFBC}") = "AzureStorageMangler", "Test\Common\AzureStorageMangler\AzureStorageMangler.csproj", "{6EB781C5-6D91-48F0-8F79-EC1E4EDAAF7B}"
EndProject
Project("{FAE04EC0-301F-11D3-BF4B-00C04F79EFBC}") = "HttpMangler", "Test\Common\HttpMangler\HttpMangler.csproj", "{CA607E8F-2906-4065-A1A9-4A3733F0CC31}"
EndProject
Project("{FAE04EC0-301F-11D3-BF4B-00C04F79EFBC}") = "Microsoft.Azure.Toolkit.Replication.Test", "Test\Tests\Microsoft.Azure.Toolkit.Replication.Test.csproj", "{86E095D8-ABDC-4CE8-A9DD-39BCFE445FC3}"
EndProject
Project("{2150E333-8FDC-42A3-9474-1A3956D46DE8}") = ".nuget", ".nuget", "{E94472D1-3E0E-4DA0-9BF6-94DC8909F865}"
	ProjectSection(SolutionItems) = preProject
		.nuget\packages.config = .nuget\packages.config
	EndProjectSection
EndProject
Project("{FAE04EC0-301F-11D3-BF4B-00C04F79EFBC}") = "ChainTableFactory", "stable\ChainTableFactory\ChainTableFactory.csproj", "{D34A9308-3F44-4C1C-942E-330BB766EABC}"
	ProjectSection(ProjectDependencies) = postProject
		{0F6D71F2-1322-4B32-BB08-A6A99EB812D4} = {0F6D71F2-1322-4B32-BB08-A6A99EB812D4}
	EndProjectSection
EndProject
Project("{FAE04EC0-301F-11D3-BF4B-00C04F79EFBC}") = "ChainTableInterface", "stable\ChainTableInterface\ChainTableInterface.csproj", "{C24BC418-9BFD-48FA-94BE-8DC8864C2EA6}"
EndProject
Project("{FAE04EC0-301F-11D3-BF4B-00C04F79EFBC}") = "STableLib", "stable\STableLib\STableLib.csproj", "{5881CD5F-E467-497C-8A5B-46AC8B79A0B8}"
EndProject
Project("{FAE04EC0-301F-11D3-BF4B-00C04F79EFBC}") = "STableUnitTest", "stable\STableUnitTest\STableUnitTest.csproj", "{1CD204E9-2B5D-4015-9B36-17AE0BA7A1EB}"
EndProject
Global
	GlobalSection(SolutionConfigurationPlatforms) = preSolution
		Debug|Any CPU = Debug|Any CPU
		Release|Any CPU = Release|Any CPU
	EndGlobalSection
	GlobalSection(ProjectConfigurationPlatforms) = postSolution
		{3ACBA8E6-4BE4-4858-A618-6F155151757F}.Debug|Any CPU.ActiveCfg = Debug|Any CPU
		{3ACBA8E6-4BE4-4858-A618-6F155151757F}.Debug|Any CPU.Build.0 = Debug|Any CPU
		{3ACBA8E6-4BE4-4858-A618-6F155151757F}.Release|Any CPU.ActiveCfg = Release|Any CPU
		{3ACBA8E6-4BE4-4858-A618-6F155151757F}.Release|Any CPU.Build.0 = Release|Any CPU
		{0F6D71F2-1322-4B32-BB08-A6A99EB812D4}.Debug|Any CPU.ActiveCfg = Debug|Any CPU
		{0F6D71F2-1322-4B32-BB08-A6A99EB812D4}.Debug|Any CPU.Build.0 = Debug|Any CPU
		{0F6D71F2-1322-4B32-BB08-A6A99EB812D4}.Release|Any CPU.ActiveCfg = Release|Any CPU
		{0F6D71F2-1322-4B32-BB08-A6A99EB812D4}.Release|Any CPU.Build.0 = Release|Any CPU
		{6EB781C5-6D91-48F0-8F79-EC1E4EDAAF7B}.Debug|Any CPU.ActiveCfg = Debug|Any CPU
		{6EB781C5-6D91-48F0-8F79-EC1E4EDAAF7B}.Debug|Any CPU.Build.0 = Debug|Any CPU
		{6EB781C5-6D91-48F0-8F79-EC1E4EDAAF7B}.Release|Any CPU.ActiveCfg = Release|Any CPU
		{6EB781C5-6D91-48F0-8F79-EC1E4EDAAF7B}.Release|Any CPU.Build.0 = Release|Any CPU
		{CA607E8F-2906-4065-A1A9-4A3733F0CC31}.Debug|Any CPU.ActiveCfg = Debug|Any CPU
		{CA607E8F-2906-4065-A1A9-4A3733F0CC31}.Debug|Any CPU.Build.0 = Debug|Any CPU
		{CA607E8F-2906-4065-A1A9-4A3733F0CC31}.Release|Any CPU.ActiveCfg = Release|Any CPU
		{CA607E8F-2906-4065-A1A9-4A3733F0CC31}.Release|Any CPU.Build.0 = Release|Any CPU
		{86E095D8-ABDC-4CE8-A9DD-39BCFE445FC3}.Debug|Any CPU.ActiveCfg = Debug|Any CPU
		{86E095D8-ABDC-4CE8-A9DD-39BCFE445FC3}.Debug|Any CPU.Build.0 = Debug|Any CPU
		{86E095D8-ABDC-4CE8-A9DD-39BCFE445FC3}.Release|Any CPU.ActiveCfg = Release|Any CPU
		{86E095D8-ABDC-4CE8-A9DD-39BCFE445FC3}.Release|Any CPU.Build.0 = Release|Any CPU
		{D34A9308-3F44-4C1C-942E-330BB766EABC}.Debug|Any CPU.ActiveCfg = Debug|Any CPU
		{D34A9308-3F44-4C1C-942E-330BB766EABC}.Debug|Any CPU.Build.0 = Debug|Any CPU
		{D34A9308-3F44-4C1C-942E-330BB766EABC}.Release|Any CPU.ActiveCfg = Release|Any CPU
		{D34A9308-3F44-4C1C-942E-330BB766EABC}.Release|Any CPU.Build.0 = Release|Any CPU
		{C24BC418-9BFD-48FA-94BE-8DC8864C2EA6}.Debug|Any CPU.ActiveCfg = Debug|Any CPU
		{C24BC418-9BFD-48FA-94BE-8DC8864C2EA6}.Debug|Any CPU.Build.0 = Debug|Any CPU
		{C24BC418-9BFD-48FA-94BE-8DC8864C2EA6}.Release|Any CPU.ActiveCfg = Release|Any CPU
		{C24BC418-9BFD-48FA-94BE-8DC8864C2EA6}.Release|Any CPU.Build.0 = Release|Any CPU
		{5881CD5F-E467-497C-8A5B-46AC8B79A0B8}.Debug|Any CPU.ActiveCfg = Debug|Any CPU
		{5881CD5F-E467-497C-8A5B-46AC8B79A0B8}.Debug|Any CPU.Build.0 = Debug|Any CPU
		{5881CD5F-E467-497C-8A5B-46AC8B79A0B8}.Release|Any CPU.ActiveCfg = Release|Any CPU
		{5881CD5F-E467-497C-8A5B-46AC8B79A0B8}.Release|Any CPU.Build.0 = Release|Any CPU
		{1CD204E9-2B5D-4015-9B36-17AE0BA7A1EB}.Debug|Any CPU.ActiveCfg = Debug|Any CPU
		{1CD204E9-2B5D-4015-9B36-17AE0BA7A1EB}.Debug|Any CPU.Build.0 = Debug|Any CPU
		{1CD204E9-2B5D-4015-9B36-17AE0BA7A1EB}.Release|Any CPU.ActiveCfg = Release|Any CPU
		{1CD204E9-2B5D-4015-9B36-17AE0BA7A1EB}.Release|Any CPU.Build.0 = Release|Any CPU
	EndGlobalSection
	GlobalSection(SolutionProperties) = preSolution
		HideSolutionNode = FALSE
	EndGlobalSection
EndGlobal
